
Microsoft Visual Studio Solution File, Format Version 12.00
# Visual Studio 2013
VisualStudioVersion = 12.0.31101.0
MinimumVisualStudioVersion = 10.0.40219.1
Project("{2150E333-8FDC-42A3-9474-1A3956D46DE8}") = "Engine", "Engine", "{5AB1ACA7-6179-4DC8-A1D1-4048C12269D3}"
EndProject
Project("{2150E333-8FDC-42A3-9474-1A3956D46DE8}") = "Games", "Games", "{4409B3DC-87B1-42B4-B29B-B2F898308AED}"
EndProject
Project("{8BC9CEB8-8B4A-11D0-8D11-00A0C91BC942}") = "Daylight", "Intermediate\ProjectFiles\Daylight.vcxproj", "{9FFEAE62-7AB4-4955-A898-66839A624C26}"
EndProject
Project("{8BC9CEB8-8B4A-11D0-8D11-00A0C91BC942}") = "UE4", "Intermediate\ProjectFiles\UE4.vcxproj", "{1E33A228-4637-478D-A9BB-8DDC071899C9}"
EndProject
Global
	GlobalSection(SolutionConfigurationPlatforms) = preSolution
		DebugGame Editor|Windows = DebugGame Editor|Windows
		DebugGame|Windows = DebugGame|Windows
		Development Editor|Windows = Development Editor|Windows
		Development|Windows = Development|Windows
		Shipping|Windows = Shipping|Windows
	EndGlobalSection
	GlobalSection(ProjectConfigurationPlatforms) = postSolution
		{9FFEAE62-7AB4-4955-A898-66839A624C26}.DebugGame Editor|Windows.ActiveCfg = DebugGame_Editor|x64
		{9FFEAE62-7AB4-4955-A898-66839A624C26}.DebugGame Editor|Windows.Build.0 = DebugGame_Editor|x64
		{9FFEAE62-7AB4-4955-A898-66839A624C26}.DebugGame|Windows.ActiveCfg = DebugGame_Game|x64
		{9FFEAE62-7AB4-4955-A898-66839A624C26}.DebugGame|Windows.Build.0 = DebugGame_Game|x64
		{9FFEAE62-7AB4-4955-A898-66839A624C26}.Development Editor|Windows.ActiveCfg = Development_Editor|x64
		{9FFEAE62-7AB4-4955-A898-66839A624C26}.Development Editor|Windows.Build.0 = Development_Editor|x64
		{9FFEAE62-7AB4-4955-A898-66839A624C26}.Development|Windows.ActiveCfg = Development_Game|x64
		{9FFEAE62-7AB4-4955-A898-66839A624C26}.Development|Windows.Build.0 = Development_Game|x64
		{9FFEAE62-7AB4-4955-A898-66839A624C26}.Shipping|Windows.ActiveCfg = Shipping_Game|Win32
		{9FFEAE62-7AB4-4955-A898-66839A624C26}.Shipping|Windows.Build.0 = Shipping_Game|Win32
		{1E33A228-4637-478D-A9BB-8DDC071899C9}.DebugGame Editor|Windows.ActiveCfg = BuiltWithUnrealBuildTool|Win32
		{1E33A228-4637-478D-A9BB-8DDC071899C9}.DebugGame|Windows.ActiveCfg = BuiltWithUnrealBuildTool|Win32
		{1E33A228-4637-478D-A9BB-8DDC071899C9}.Development Editor|Windows.ActiveCfg = BuiltWithUnrealBuildTool|Win32
		{1E33A228-4637-478D-A9BB-8DDC071899C9}.Development|Windows.ActiveCfg = BuiltWithUnrealBuildTool|Win32
		{1E33A228-4637-478D-A9BB-8DDC071899C9}.Shipping|Windows.ActiveCfg = BuiltWithUnrealBuildTool|Win32
	EndGlobalSection
	GlobalSection(SolutionProperties) = preSolution
		HideSolutionNode = FALSE
	EndGlobalSection
	GlobalSection(NestedProjects) = preSolution
		{9FFEAE62-7AB4-4955-A898-66839A624C26} = {4409B3DC-87B1-42B4-B29B-B2F898308AED}
		{1E33A228-4637-478D-A9BB-8DDC071899C9} = {5AB1ACA7-6179-4DC8-A1D1-4048C12269D3}
	EndGlobalSection
EndGlobal
